
Microsoft Visual Studio Solution File, Format Version 12.00
# Visual Studio 2012
Project("{FAE04EC0-301F-11D3-BF4B-00C04F79EFBC}") = "ApotekMedicalCenter", "ApotekMedicalCenter\ApotekMedicalCenter.csproj", "{A1563B8F-4FAD-4B2E-8B26-3A96927D5EDB}"
EndProject
Global
	GlobalSection(SolutionConfigurationPlatforms) = preSolution
		Debug|Any CPU = Debug|Any CPU
		Release|Any CPU = Release|Any CPU
	EndGlobalSection
	GlobalSection(ProjectConfigurationPlatforms) = postSolution
		{A1563B8F-4FAD-4B2E-8B26-3A96927D5EDB}.Debug|Any CPU.ActiveCfg = Debug|Any CPU
		{A1563B8F-4FAD-4B2E-8B26-3A96927D5EDB}.Debug|Any CPU.Build.0 = Debug|Any CPU
		{A1563B8F-4FAD-4B2E-8B26-3A96927D5EDB}.Release|Any CPU.ActiveCfg = Release|Any CPU
		{A1563B8F-4FAD-4B2E-8B26-3A96927D5EDB}.Release|Any CPU.Build.0 = Release|Any CPU
	EndGlobalSection
	GlobalSection(SolutionProperties) = preSolution
		HideSolutionNode = FALSE
	EndGlobalSection
EndGlobal
